
Microsoft Visual Studio Solution File, Format Version 12.00
# Visual Studio 2012
Project("{FAE04EC0-301F-11D3-BF4B-00C04F79EFBC}") = "MinMaxSum", "MinMaxSum\MinMaxSum.csproj", "{F431B2D6-89D2-4E2D-B1A2-99E89EC50332}"
EndProject
Global
	GlobalSection(SolutionConfigurationPlatforms) = preSolution
		Debug|Any CPU = Debug|Any CPU
		Release|Any CPU = Release|Any CPU
	EndGlobalSection
	GlobalSection(ProjectConfigurationPlatforms) = postSolution
		{F431B2D6-89D2-4E2D-B1A2-99E89EC50332}.Debug|Any CPU.ActiveCfg = Debug|Any CPU
		{F431B2D6-89D2-4E2D-B1A2-99E89EC50332}.Debug|Any CPU.Build.0 = Debug|Any CPU
		{F431B2D6-89D2-4E2D-B1A2-99E89EC50332}.Release|Any CPU.ActiveCfg = Release|Any CPU
		{F431B2D6-89D2-4E2D-B1A2-99E89EC50332}.Release|Any CPU.Build.0 = Release|Any CPU
	EndGlobalSection
EndGlobal
